
Microsoft Visual Studio Solution File, Format Version 12.00
# Visual Studio Version 17
VisualStudioVersion = 17.4.33213.308
MinimumVisualStudioVersion = 10.0.40219.1
Project("{FAE04EC0-301F-11D3-BF4B-00C04F79EFBC}") = "Zadanie_1", "Zadanie_1\Zadanie_1.csproj", "{81C83478-9326-4119-9C84-994A6991A14A}"
EndProject
Global
	GlobalSection(SolutionConfigurationPlatforms) = preSolution
		Debug|Any CPU = Debug|Any CPU
		Release|Any CPU = Release|Any CPU
	EndGlobalSection
	GlobalSection(ProjectConfigurationPlatforms) = postSolution
		{81C83478-9326-4119-9C84-994A6991A14A}.Debug|Any CPU.ActiveCfg = Debug|Any CPU
		{81C83478-9326-4119-9C84-994A6991A14A}.Debug|Any CPU.Build.0 = Debug|Any CPU
		{81C83478-9326-4119-9C84-994A6991A14A}.Release|Any CPU.ActiveCfg = Release|Any CPU
		{81C83478-9326-4119-9C84-994A6991A14A}.Release|Any CPU.Build.0 = Release|Any CPU
	EndGlobalSection
	GlobalSection(SolutionProperties) = preSolution
		HideSolutionNode = FALSE
	EndGlobalSection
	GlobalSection(ExtensibilityGlobals) = postSolution
		SolutionGuid = {D347CC20-8E53-4BE2-A3E6-FF4EB06D7092}
	EndGlobalSection
EndGlobal
